
Microsoft Visual Studio Solution File, Format Version 11.00
# Visual Studio 2010
Project("{FAE04EC0-301F-11D3-BF4B-00C04F79EFBC}") = "UnityEngine.UI", "UnityEngine.UI.csproj", "{dc3df375-38b3-2b85-4547-67a1660a7268}"
EndProject
Project("{FAE04EC0-301F-11D3-BF4B-00C04F79EFBC}") = "Assembly-CSharp", "Assembly-CSharp.csproj", "{e75b32da-ade0-9f1b-7bfd-e8565bdfe576}"
EndProject
Project("{FAE04EC0-301F-11D3-BF4B-00C04F79EFBC}") = "UnityEditor.UI", "UnityEditor.UI.csproj", "{f351965b-43c5-7382-ca4b-0d083214288c}"
EndProject
Global
	GlobalSection(SolutionConfigurationPlatforms) = preSolution
		Debug|Any CPU = Debug|Any CPU
	EndGlobalSection
	GlobalSection(ProjectConfigurationPlatforms) = postSolution
		{dc3df375-38b3-2b85-4547-67a1660a7268}.Debug|Any CPU.ActiveCfg = Debug|Any CPU
		{dc3df375-38b3-2b85-4547-67a1660a7268}.Debug|Any CPU.Build.0 = Debug|Any CPU
		{e75b32da-ade0-9f1b-7bfd-e8565bdfe576}.Debug|Any CPU.ActiveCfg = Debug|Any CPU
		{e75b32da-ade0-9f1b-7bfd-e8565bdfe576}.Debug|Any CPU.Build.0 = Debug|Any CPU
		{f351965b-43c5-7382-ca4b-0d083214288c}.Debug|Any CPU.ActiveCfg = Debug|Any CPU
		{f351965b-43c5-7382-ca4b-0d083214288c}.Debug|Any CPU.Build.0 = Debug|Any CPU
	EndGlobalSection
	GlobalSection(SolutionProperties) = preSolution
		HideSolutionNode = FALSE
	EndGlobalSection
EndGlobal
